// !$*UTF8*$!
{
	archiveVersion = 1;
	classes = {
	};
	objectVersion = 50;
	objects = {

/* Begin PBXBuildFile section */
		CF58510C23D0901D004917B6 /* gameFieldViewController.swift in Sources */ = {isa = PBXBuildFile; fileRef = CF58510B23D0901D004917B6 /* gameFieldViewController.swift */; };
		CF58511023D097CC004917B6 /* Question.swift in Sources */ = {isa = PBXBuildFile; fileRef = CF58510F23D097CC004917B6 /* Question.swift */; };
		CF5DEE4323CE5A5A002FF84F /* AppDelegate.swift in Sources */ = {isa = PBXBuildFile; fileRef = CF5DEE4223CE5A5A002FF84F /* AppDelegate.swift */; };
		CF5DEE4523CE5A5A002FF84F /* SceneDelegate.swift in Sources */ = {isa = PBXBuildFile; fileRef = CF5DEE4423CE5A5A002FF84F /* SceneDelegate.swift */; };
		CF5DEE4723CE5A5A002FF84F /* ViewController.swift in Sources */ = {isa = PBXBuildFile; fileRef = CF5DEE4623CE5A5A002FF84F /* ViewController.swift */; };
		CF5DEE4A23CE5A5A002FF84F /* Main.storyboard in Resources */ = {isa = PBXBuildFile; fileRef = CF5DEE4823CE5A5A002FF84F /* Main.storyboard */; };
		CF5DEE4C23CE5A5E002FF84F /* Assets.xcassets in Resources */ = {isa = PBXBuildFile; fileRef = CF5DEE4B23CE5A5E002FF84F /* Assets.xcassets */; };
		CF5DEE4F23CE5A5E002FF84F /* LaunchScreen.storyboard in Resources */ = {isa = PBXBuildFile; fileRef = CF5DEE4D23CE5A5E002FF84F /* LaunchScreen.storyboard */; };
		CF5DEE5A23CE5A5E002FF84F /* gameProjectTests.swift in Sources */ = {isa = PBXBuildFile; fileRef = CF5DEE5923CE5A5E002FF84F /* gameProjectTests.swift */; };
		CF5DEE6523CE5A5E002FF84F /* gameProjectUITests.swift in Sources */ = {isa = PBXBuildFile; fileRef = CF5DEE6423CE5A5E002FF84F /* gameProjectUITests.swift */; };
		CFC0A2D223CF1C0200E5EA23 /* numberOfTeamsViewController.swift in Sources */ = {isa = PBXBuildFile; fileRef = CFC0A2D123CF1C0200E5EA23 /* numberOfTeamsViewController.swift */; };
		CFCC289A23E08AF600B7A2F4 /* Questions.swift in Sources */ = {isa = PBXBuildFile; fileRef = CFCC289923E08AF600B7A2F4 /* Questions.swift */; };
		CFF7EE5723ED9DBF00BAB04D /* SelectTeamNames.swift in Sources */ = {isa = PBXBuildFile; fileRef = CFF7EE5623ED9DBF00BAB04D /* SelectTeamNames.swift */; };
/* End PBXBuildFile section */

/* Begin PBXContainerItemProxy section */
		CF5DEE5623CE5A5E002FF84F /* PBXContainerItemProxy */ = {
			isa = PBXContainerItemProxy;
			containerPortal = CF5DEE3723CE5A5A002FF84F /* Project object */;
			proxyType = 1;
			remoteGlobalIDString = CF5DEE3E23CE5A5A002FF84F;
			remoteInfo = gameProject;
		};
		CF5DEE6123CE5A5E002FF84F /* PBXContainerItemProxy */ = {
			isa = PBXContainerItemProxy;
			containerPortal = CF5DEE3723CE5A5A002FF84F /* Project object */;
			proxyType = 1;
			remoteGlobalIDString = CF5DEE3E23CE5A5A002FF84F;
			remoteInfo = gameProject;
		};
/* End PBXContainerItemProxy section */

/* Begin PBXFileReference section */
		CF58510B23D0901D004917B6 /* gameFieldViewController.swift */ = {isa = PBXFileReference; lastKnownFileType = sourcecode.swift; path = gameFieldViewController.swift; sourceTree = "<group>"; };
		CF58510F23D097CC004917B6 /* Question.swift */ = {isa = PBXFileReference; lastKnownFileType = sourcecode.swift; path = Question.swift; sourceTree = "<group>"; };
		CF5DEE3F23CE5A5A002FF84F /* gameProject.app */ = {isa = PBXFileReference; explicitFileType = wrapper.application; includeInIndex = 0; path = gameProject.app; sourceTree = BUILT_PRODUCTS_DIR; };
		CF5DEE4223CE5A5A002FF84F /* AppDelegate.swift */ = {isa = PBXFileReference; lastKnownFileType = sourcecode.swift; path = AppDelegate.swift; sourceTree = "<group>"; };
		CF5DEE4423CE5A5A002FF84F /* SceneDelegate.swift */ = {isa = PBXFileReference; lastKnownFileType = sourcecode.swift; path = SceneDelegate.swift; sourceTree = "<group>"; };
		CF5DEE4623CE5A5A002FF84F /* ViewController.swift */ = {isa = PBXFileReference; lastKnownFileType = sourcecode.swift; path = ViewController.swift; sourceTree = "<group>"; };
		CF5DEE4923CE5A5A002FF84F /* Base */ = {isa = PBXFileReference; lastKnownFileType = file.storyboard; name = Base; path = Base.lproj/Main.storyboard; sourceTree = "<group>"; };
		CF5DEE4B23CE5A5E002FF84F /* Assets.xcassets */ = {isa = PBXFileReference; lastKnownFileType = folder.assetcatalog; path = Assets.xcassets; sourceTree = "<group>"; };
		CF5DEE4E23CE5A5E002FF84F /* Base */ = {isa = PBXFileReference; lastKnownFileType = file.storyboard; name = Base; path = Base.lproj/LaunchScreen.storyboard; sourceTree = "<group>"; };
		CF5DEE5023CE5A5E002FF84F /* Info.plist */ = {isa = PBXFileReference; lastKnownFileType = text.plist.xml; path = Info.plist; sourceTree = "<group>"; };
		CF5DEE5523CE5A5E002FF84F /* gameProjectTests.xctest */ = {isa = PBXFileReference; explicitFileType = wrapper.cfbundle; includeInIndex = 0; path = gameProjectTests.xctest; sourceTree = BUILT_PRODUCTS_DIR; };
		CF5DEE5923CE5A5E002FF84F /* gameProjectTests.swift */ = {isa = PBXFileReference; lastKnownFileType = sourcecode.swift; path = gameProjectTests.swift; sourceTree = "<group>"; };
		CF5DEE5B23CE5A5E002FF84F /* Info.plist */ = {isa = PBXFileReference; lastKnownFileType = text.plist.xml; path = Info.plist; sourceTree = "<group>"; };
		CF5DEE6023CE5A5E002FF84F /* gameProjectUITests.xctest */ = {isa = PBXFileReference; explicitFileType = wrapper.cfbundle; includeInIndex = 0; path = gameProjectUITests.xctest; sourceTree = BUILT_PRODUCTS_DIR; };
		CF5DEE6423CE5A5E002FF84F /* gameProjectUITests.swift */ = {isa = PBXFileReference; lastKnownFileType = sourcecode.swift; path = gameProjectUITests.swift; sourceTree = "<group>"; };
		CF5DEE6623CE5A5F002FF84F /* Info.plist */ = {isa = PBXFileReference; lastKnownFileType = text.plist.xml; path = Info.plist; sourceTree = "<group>"; };
		CFC0A2D123CF1C0200E5EA23 /* numberOfTeamsViewController.swift */ = {isa = PBXFileReference; lastKnownFileType = sourcecode.swift; path = numberOfTeamsViewController.swift; sourceTree = "<group>"; };
		CFCC289923E08AF600B7A2F4 /* Questions.swift */ = {isa = PBXFileReference; lastKnownFileType = sourcecode.swift; path = Questions.swift; sourceTree = "<group>"; };
		CFF7EE5623ED9DBF00BAB04D /* SelectTeamNames.swift */ = {isa = PBXFileReference; lastKnownFileType = sourcecode.swift; path = SelectTeamNames.swift; sourceTree = "<group>"; };
/* End PBXFileReference section */

/* Begin PBXFrameworksBuildPhase section */
		CF5DEE3C23CE5A5A002FF84F /* Frameworks */ = {
			isa = PBXFrameworksBuildPhase;
			buildActionMask = 2147483647;
			files = (
			);
			runOnlyForDeploymentPostprocessing = 0;
		};
		CF5DEE5223CE5A5E002FF84F /* Frameworks */ = {
			isa = PBXFrameworksBuildPhase;
			buildActionMask = 2147483647;
			files = (
			);
			runOnlyForDeploymentPostprocessing = 0;
		};
		CF5DEE5D23CE5A5E002FF84F /* Frameworks */ = {
			isa = PBXFrameworksBuildPhase;
			buildActionMask = 2147483647;
			files = (
			);
			runOnlyForDeploymentPostprocessing = 0;
		};
/* End PBXFrameworksBuildPhase section */

/* Begin PBXGroup section */
		CF5DEE3623CE5A5A002FF84F = {
			isa = PBXGroup;
			children = (
				CF5DEE4123CE5A5A002FF84F /* gameProject */,
				CF5DEE5823CE5A5E002FF84F /* gameProjectTests */,
				CF5DEE6323CE5A5E002FF84F /* gameProjectUITests */,
				CF5DEE4023CE5A5A002FF84F /* Products */,
			);
			sourceTree = "<group>";
		};
		CF5DEE4023CE5A5A002FF84F /* Products */ = {
			isa = PBXGroup;
			children = (
				CF5DEE3F23CE5A5A002FF84F /* gameProject.app */,
				CF5DEE5523CE5A5E002FF84F /* gameProjectTests.xctest */,
				CF5DEE6023CE5A5E002FF84F /* gameProjectUITests.xctest */,
			);
			name = Products;
			sourceTree = "<group>";
		};
		CF5DEE4123CE5A5A002FF84F /* gameProject */ = {
			isa = PBXGroup;
			children = (
				CF5DEE4223CE5A5A002FF84F /* AppDelegate.swift */,
				CF5DEE4423CE5A5A002FF84F /* SceneDelegate.swift */,
				CF5DEE4623CE5A5A002FF84F /* ViewController.swift */,
				CFC0A2D123CF1C0200E5EA23 /* numberOfTeamsViewController.swift */,
				CF58510B23D0901D004917B6 /* gameFieldViewController.swift */,
				CF58510F23D097CC004917B6 /* Question.swift */,
				CF5DEE4823CE5A5A002FF84F /* Main.storyboard */,
				CF5DEE4B23CE5A5E002FF84F /* Assets.xcassets */,
				CF5DEE4D23CE5A5E002FF84F /* LaunchScreen.storyboard */,
				CF5DEE5023CE5A5E002FF84F /* Info.plist */,
				CFCC289923E08AF600B7A2F4 /* Questions.swift */,
				CFF7EE5623ED9DBF00BAB04D /* SelectTeamNames.swift */,
			);
			path = gameProject;
			sourceTree = "<group>";
		};
		CF5DEE5823CE5A5E002FF84F /* gameProjectTests */ = {
			isa = PBXGroup;
			children = (
				CF5DEE5923CE5A5E002FF84F /* gameProjectTests.swift */,
				CF5DEE5B23CE5A5E002FF84F /* Info.plist */,
			);
			path = gameProjectTests;
			sourceTree = "<group>";
		};
		CF5DEE6323CE5A5E002FF84F /* gameProjectUITests */ = {
			isa = PBXGroup;
			children = (
				CF5DEE6423CE5A5E002FF84F /* gameProjectUITests.swift */,
				CF5DEE6623CE5A5F002FF84F /* Info.plist */,
			);
			path = gameProjectUITests;
			sourceTree = "<group>";
		};
/* End PBXGroup section */

/* Begin PBXNativeTarget section */
		CF5DEE3E23CE5A5A002FF84F /* gameProject */ = {
			isa = PBXNativeTarget;
			buildConfigurationList = CF5DEE6923CE5A5F002FF84F /* Build configuration list for PBXNativeTarget "gameProject" */;
			buildPhases = (
				CF5DEE3B23CE5A5A002FF84F /* Sources */,
				CF5DEE3C23CE5A5A002FF84F /* Frameworks */,
				CF5DEE3D23CE5A5A002FF84F /* Resources */,
			);
			buildRules = (
			);
			dependencies = (
			);
			name = gameProject;
			productName = gameProject;
			productReference = CF5DEE3F23CE5A5A002FF84F /* gameProject.app */;
			productType = "com.apple.product-type.application";
		};
		CF5DEE5423CE5A5E002FF84F /* gameProjectTests */ = {
			isa = PBXNativeTarget;
			buildConfigurationList = CF5DEE6C23CE5A5F002FF84F /* Build configuration list for PBXNativeTarget "gameProjectTests" */;
			buildPhases = (
				CF5DEE5123CE5A5E002FF84F /* Sources */,
				CF5DEE5223CE5A5E002FF84F /* Frameworks */,
				CF5DEE5323CE5A5E002FF84F /* Resources */,
			);
			buildRules = (
			);
			dependencies = (
				CF5DEE5723CE5A5E002FF84F /* PBXTargetDependency */,
			);
			name = gameProjectTests;
			productName = gameProjectTests;
			productReference = CF5DEE5523CE5A5E002FF84F /* gameProjectTests.xctest */;
			productType = "com.apple.product-type.bundle.unit-test";
		};
		CF5DEE5F23CE5A5E002FF84F /* gameProjectUITests */ = {
			isa = PBXNativeTarget;
			buildConfigurationList = CF5DEE6F23CE5A5F002FF84F /* Build configuration list for PBXNativeTarget "gameProjectUITests" */;
			buildPhases = (
				CF5DEE5C23CE5A5E002FF84F /* Sources */,
				CF5DEE5D23CE5A5E002FF84F /* Frameworks */,
				CF5DEE5E23CE5A5E002FF84F /* Resources */,
			);
			buildRules = (
			);
			dependencies = (
				CF5DEE6223CE5A5E002FF84F /* PBXTargetDependency */,
			);
			name = gameProjectUITests;
			productName = gameProjectUITests;
			productReference = CF5DEE6023CE5A5E002FF84F /* gameProjectUITests.xctest */;
			productType = "com.apple.product-type.bundle.ui-testing";
		};
/* End PBXNativeTarget section */

/* Begin PBXProject section */
		CF5DEE3723CE5A5A002FF84F /* Project object */ = {
			isa = PBXProject;
			attributes = {
				LastSwiftUpdateCheck = 1130;
				LastUpgradeCheck = 1130;
				ORGANIZATIONNAME = oo;
				TargetAttributes = {
					CF5DEE3E23CE5A5A002FF84F = {
						CreatedOnToolsVersion = 11.3;
					};
					CF5DEE5423CE5A5E002FF84F = {
						CreatedOnToolsVersion = 11.3;
						TestTargetID = CF5DEE3E23CE5A5A002FF84F;
					};
					CF5DEE5F23CE5A5E002FF84F = {
						CreatedOnToolsVersion = 11.3;
						TestTargetID = CF5DEE3E23CE5A5A002FF84F;
					};
				};
			};
			buildConfigurationList = CF5DEE3A23CE5A5A002FF84F /* Build configuration list for PBXProject "gameProject" */;
			compatibilityVersion = "Xcode 9.3";
			developmentRegion = en;
			hasScannedForEncodings = 0;
			knownRegions = (
				en,
				Base,
			);
			mainGroup = CF5DEE3623CE5A5A002FF84F;
			productRefGroup = CF5DEE4023CE5A5A002FF84F /* Products */;
			projectDirPath = "";
			projectRoot = "";
			targets = (
				CF5DEE3E23CE5A5A002FF84F /* gameProject */,
				CF5DEE5423CE5A5E002FF84F /* gameProjectTests */,
				CF5DEE5F23CE5A5E002FF84F /* gameProjectUITests */,
			);
		};
/* End PBXProject section */

/* Begin PBXResourcesBuildPhase section */
		CF5DEE3D23CE5A5A002FF84F /* Resources */ = {
			isa = PBXResourcesBuildPhase;
			buildActionMask = 2147483647;
			files = (
				CF5DEE4F23CE5A5E002FF84F /* LaunchScreen.storyboard in Resources */,
				CF5DEE4C23CE5A5E002FF84F /* Assets.xcassets in Resources */,
				CF5DEE4A23CE5A5A002FF84F /* Main.storyboard in Resources */,
			);
			runOnlyForDeploymentPostprocessing = 0;
		};
		CF5DEE5323CE5A5E002FF84F /* Resources */ = {
			isa = PBXResourcesBuildPhase;
			buildActionMask = 2147483647;
			files = (
			);
			runOnlyForDeploymentPostprocessing = 0;
		};
		CF5DEE5E23CE5A5E002FF84F /* Resources */ = {
			isa = PBXResourcesBuildPhase;
			buildActionMask = 2147483647;
			files = (
			);
			runOnlyForDeploymentPostprocessing = 0;
		};
/* End PBXResourcesBuildPhase section */

/* Begin PBXSourcesBuildPhase section */
		CF5DEE3B23CE5A5A002FF84F /* Sources */ = {
			isa = PBXSourcesBuildPhase;
			buildActionMask = 2147483647;
			files = (
				CF5DEE4723CE5A5A002FF84F /* ViewController.swift in Sources */,
				CFC0A2D223CF1C0200E5EA23 /* numberOfTeamsViewController.swift in Sources */,
				CF58510C23D0901D004917B6 /* gameFieldViewController.swift in Sources */,
				CFF7EE5723ED9DBF00BAB04D /* SelectTeamNames.swift in Sources */,
				CFCC289A23E08AF600B7A2F4 /* Questions.swift in Sources */,
				CF58511023D097CC004917B6 /* Question.swift in Sources */,
				CF5DEE4323CE5A5A002FF84F /* AppDelegate.swift in Sources */,
				CF5DEE4523CE5A5A002FF84F /* SceneDelegate.swift in Sources */,
			);
			runOnlyForDeploymentPostprocessing = 0;
		};
		CF5DEE5123CE5A5E002FF84F /* Sources */ = {
			isa = PBXSourcesBuildPhase;
			buildActionMask = 2147483647;
			files = (
				CF5DEE5A23CE5A5E002FF84F /* gameProjectTests.swift in Sources */,
			);
			runOnlyForDeploymentPostprocessing = 0;
		};
		CF5DEE5C23CE5A5E002FF84F /* Sources */ = {
			isa = PBXSourcesBuildPhase;
			buildActionMask = 2147483647;
			files = (
				CF5DEE6523CE5A5E002FF84F /* gameProjectUITests.swift in Sources */,
			);
			runOnlyForDeploymentPostprocessing = 0;
		};
/* End PBXSourcesBuildPhase section */

/* Begin PBXTargetDependency section */
		CF5DEE5723CE5A5E002FF84F /* PBXTargetDependency */ = {
			isa = PBXTargetDependency;
			target = CF5DEE3E23CE5A5A002FF84F /* gameProject */;
			targetProxy = CF5DEE5623CE5A5E002FF84F /* PBXContainerItemProxy */;
		};
		CF5DEE6223CE5A5E002FF84F /* PBXTargetDependency */ = {
			isa = PBXTargetDependency;
			target = CF5DEE3E23CE5A5A002FF84F /* gameProject */;
			targetProxy = CF5DEE6123CE5A5E002FF84F /* PBXContainerItemProxy */;
		};
/* End PBXTargetDependency section */

/* Begin PBXVariantGroup section */
		CF5DEE4823CE5A5A002FF84F /* Main.storyboard */ = {
			isa = PBXVariantGroup;
			children = (
				CF5DEE4923CE5A5A002FF84F /* Base */,
			);
			name = Main.storyboard;
			sourceTree = "<group>";
		};
		CF5DEE4D23CE5A5E002FF84F /* LaunchScreen.storyboard */ = {
			isa = PBXVariantGroup;
			children = (
				CF5DEE4E23CE5A5E002FF84F /* Base */,
			);
			name = LaunchScreen.storyboard;
			sourceTree = "<group>";
		};
/* End PBXVariantGroup section */

/* Begin XCBuildConfiguration section */
		CF5DEE6723CE5A5F002FF84F /* Debug */ = {
			isa = XCBuildConfiguration;
			buildSettings = {
				ALWAYS_SEARCH_USER_PATHS = NO;
				CLANG_ANALYZER_NONNULL = YES;
				CLANG_ANALYZER_NUMBER_OBJECT_CONVERSION = YES_AGGRESSIVE;
				CLANG_CXX_LANGUAGE_STANDARD = "gnu++14";
				CLANG_CXX_LIBRARY = "libc++";
				CLANG_ENABLE_MODULES = YES;
				CLANG_ENABLE_OBJC_ARC = YES;
				CLANG_ENABLE_OBJC_WEAK = YES;
				CLANG_WARN_BLOCK_CAPTURE_AUTORELEASING = YES;
				CLANG_WARN_BOOL_CONVERSION = YES;
				CLANG_WARN_COMMA = YES;
				CLANG_WARN_CONSTANT_CONVERSION = YES;
				CLANG_WARN_DEPRECATED_OBJC_IMPLEMENTATIONS = YES;
				CLANG_WARN_DIRECT_OBJC_ISA_USAGE = YES_ERROR;
				CLANG_WARN_DOCUMENTATION_COMMENTS = YES;
				CLANG_WARN_EMPTY_BODY = YES;
				CLANG_WARN_ENUM_CONVERSION = YES;
				CLANG_WARN_INFINITE_RECURSION = YES;
				CLANG_WARN_INT_CONVERSION = YES;
				CLANG_WARN_NON_LITERAL_NULL_CONVERSION = YES;
				CLANG_WARN_OBJC_IMPLICIT_RETAIN_SELF = YES;
				CLANG_WARN_OBJC_LITERAL_CONVERSION = YES;
				CLANG_WARN_OBJC_ROOT_CLASS = YES_ERROR;
				CLANG_WARN_RANGE_LOOP_ANALYSIS = YES;
				CLANG_WARN_STRICT_PROTOTYPES = YES;
				CLANG_WARN_SUSPICIOUS_MOVE = YES;
				CLANG_WARN_UNGUARDED_AVAILABILITY = YES_AGGRESSIVE;
				CLANG_WARN_UNREACHABLE_CODE = YES;
				CLANG_WARN__DUPLICATE_METHOD_MATCH = YES;
				COPY_PHASE_STRIP = NO;
				DEBUG_INFORMATION_FORMAT = dwarf;
				ENABLE_STRICT_OBJC_MSGSEND = YES;
				ENABLE_TESTABILITY = YES;
				GCC_C_LANGUAGE_STANDARD = gnu11;
				GCC_DYNAMIC_NO_PIC = NO;
				GCC_NO_COMMON_BLOCKS = YES;
				GCC_OPTIMIZATION_LEVEL = 0;
				GCC_PREPROCESSOR_DEFINITIONS = (
					"DEBUG=1",
					"$(inherited)",
				);
				GCC_WARN_64_TO_32_BIT_CONVERSION = YES;
				GCC_WARN_ABOUT_RETURN_TYPE = YES_ERROR;
				GCC_WARN_UNDECLARED_SELECTOR = YES;
				GCC_WARN_UNINITIALIZED_AUTOS = YES_AGGRESSIVE;
				GCC_WARN_UNUSED_FUNCTION = YES;
				GCC_WARN_UNUSED_VARIABLE = YES;
				IPHONEOS_DEPLOYMENT_TARGET = 13.2;
				MTL_ENABLE_DEBUG_INFO = INCLUDE_SOURCE;
				MTL_FAST_MATH = YES;
				ONLY_ACTIVE_ARCH = YES;
				SDKROOT = iphoneos;
				SWIFT_ACTIVE_COMPILATION_CONDITIONS = DEBUG;
				SWIFT_OPTIMIZATION_LEVEL = "-Onone";
			};
			name = Debug;
		};
		CF5DEE6823CE5A5F002FF84F /* Release */ = {
			isa = XCBuildConfiguration;
			buildSettings = {
				ALWAYS_SEARCH_USER_PATHS = NO;
				CLANG_ANALYZER_NONNULL = YES;
				CLANG_ANALYZER_NUMBER_OBJECT_CONVERSION = YES_AGGRESSIVE;
				CLANG_CXX_LANGUAGE_STANDARD = "gnu++14";
				CLANG_CXX_LIBRARY = "libc++";
				CLANG_ENABLE_MODULES = YES;
				CLANG_ENABLE_OBJC_ARC = YES;
				CLANG_ENABLE_OBJC_WEAK = YES;
				CLANG_WARN_BLOCK_CAPTURE_AUTORELEASING = YES;
				CLANG_WARN_BOOL_CONVERSION = YES;
				CLANG_WARN_COMMA = YES;
				CLANG_WARN_CONSTANT_CONVERSION = YES;
				CLANG_WARN_DEPRECATED_OBJC_IMPLEMENTATIONS = YES;
				CLANG_WARN_DIRECT_OBJC_ISA_USAGE = YES_ERROR;
				CLANG_WARN_DOCUMENTATION_COMMENTS = YES;
				CLANG_WARN_EMPTY_BODY = YES;
				CLANG_WARN_ENUM_CONVERSION = YES;
				CLANG_WARN_INFINITE_RECURSION = YES;
				CLANG_WARN_INT_CONVERSION = YES;
				CLANG_WARN_NON_LITERAL_NULL_CONVERSION = YES;
				CLANG_WARN_OBJC_IMPLICIT_RETAIN_SELF = YES;
				CLANG_WARN_OBJC_LITERAL_CONVERSION = YES;
				CLANG_WARN_OBJC_ROOT_CLASS = YES_ERROR;
				CLANG_WARN_RANGE_LOOP_ANALYSIS = YES;
				CLANG_WARN_STRICT_PROTOTYPES = YES;
				CLANG_WARN_SUSPICIOUS_MOVE = YES;
				CLANG_WARN_UNGUARDED_AVAILABILITY = YES_AGGRESSIVE;
				CLANG_WARN_UNREACHABLE_CODE = YES;
				CLANG_WARN__DUPLICATE_METHOD_MATCH = YES;
				COPY_PHASE_STRIP = NO;
				DEBUG_INFORMATION_FORMAT = "dwarf-with-dsym";
				ENABLE_NS_ASSERTIONS = NO;
				ENABLE_STRICT_OBJC_MSGSEND = YES;
				GCC_C_LANGUAGE_STANDARD = gnu11;
				GCC_NO_COMMON_BLOCKS = YES;
				GCC_WARN_64_TO_32_BIT_CONVERSION = YES;
				GCC_WARN_ABOUT_RETURN_TYPE = YES_ERROR;
				GCC_WARN_UNDECLARED_SELECTOR = YES;
				GCC_WARN_UNINITIALIZED_AUTOS = YES_AGGRESSIVE;
				GCC_WARN_UNUSED_FUNCTION = YES;
				GCC_WARN_UNUSED_VARIABLE = YES;
				IPHONEOS_DEPLOYMENT_TARGET = 13.2;
				MTL_ENABLE_DEBUG_INFO = NO;
				MTL_FAST_MATH = YES;
				SDKROOT = iphoneos;
				SWIFT_COMPILATION_MODE = wholemodule;
				SWIFT_OPTIMIZATION_LEVEL = "-O";
				VALIDATE_PRODUCT = YES;
			};
			name = Release;
		};
		CF5DEE6A23CE5A5F002FF84F /* Debug */ = {
			isa = XCBuildConfiguration;
			buildSettings = {
				ASSETCATALOG_COMPILER_APPICON_NAME = AppIcon;
				CODE_SIGN_STYLE = Automatic;
				DEVELOPMENT_TEAM = 6594992298;
				INFOPLIST_FILE = gameProject/Info.plist;
				LD_RUNPATH_SEARCH_PATHS = (
					"$(inherited)",
					"@executable_path/Frameworks",
				);
				PRODUCT_BUNDLE_IDENTIFIER = example.com.gameProject;
				PRODUCT_NAME = "$(TARGET_NAME)";
				SWIFT_VERSION = 5.0;
				TARGETED_DEVICE_FAMILY = "1,2";
			};
			name = Debug;
		};
		CF5DEE6B23CE5A5F002FF84F /* Release */ = {
			isa = XCBuildConfiguration;
			buildSettings = {
				ASSETCATALOG_COMPILER_APPICON_NAME = AppIcon;
				CODE_SIGN_STYLE = Automatic;
				DEVELOPMENT_TEAM = 6594992298;
				INFOPLIST_FILE = gameProject/Info.plist;
				LD_RUNPATH_SEARCH_PATHS = (
					"$(inherited)",
					"@executable_path/Frameworks",
				);
				PRODUCT_BUNDLE_IDENTIFIER = example.com.gameProject;
				PRODUCT_NAME = "$(TARGET_NAME)";
				SWIFT_VERSION = 5.0;
				TARGETED_DEVICE_FAMILY = "1,2";
			};
			name = Release;
		};
		CF5DEE6D23CE5A5F002FF84F /* Debug */ = {
			isa = XCBuildConfiguration;
			buildSettings = {
				ALWAYS_EMBED_SWIFT_STANDARD_LIBRARIES = YES;
				BUNDLE_LOADER = "$(TEST_HOST)";
				CODE_SIGN_STYLE = Automatic;
				DEVELOPMENT_TEAM = 6594992298;
				INFOPLIST_FILE = gameProjectTests/Info.plist;
				IPHONEOS_DEPLOYMENT_TARGET = 13.2;
				LD_RUNPATH_SEARCH_PATHS = (
					"$(inherited)",
					"@executable_path/Frameworks",
					"@loader_path/Frameworks",
				);
				PRODUCT_BUNDLE_IDENTIFIER = example.com.gameProjectTests;
				PRODUCT_NAME = "$(TARGET_NAME)";
				SWIFT_VERSION = 5.0;
				TARGETED_DEVICE_FAMILY = "1,2";
				TEST_HOST = "$(BUILT_PRODUCTS_DIR)/gameProject.app/gameProject";
			};
			name = Debug;
		};
		CF5DEE6E23CE5A5F002FF84F /* Release */ = {
			isa = XCBuildConfiguration;
			buildSettings = {
				ALWAYS_EMBED_SWIFT_STANDARD_LIBRARIES = YES;
				BUNDLE_LOADER = "$(TEST_HOST)";
				CODE_SIGN_STYLE = Automatic;
				DEVELOPMENT_TEAM = 6594992298;
				INFOPLIST_FILE = gameProjectTests/Info.plist;
				IPHONEOS_DEPLOYMENT_TARGET = 13.2;
				LD_RUNPATH_SEARCH_PATHS = (
					"$(inherited)",
					"@executable_path/Frameworks",
					"@loader_path/Frameworks",
				);
				PRODUCT_BUNDLE_IDENTIFIER = example.com.gameProjectTests;
				PRODUCT_NAME = "$(TARGET_NAME)";
				SWIFT_VERSION = 5.0;
				TARGETED_DEVICE_FAMILY = "1,2";
				TEST_HOST = "$(BUILT_PRODUCTS_DIR)/gameProject.app/gameProject";
			};
			name = Release;
		};
		CF5DEE7023CE5A5F002FF84F /* Debug */ = {
			isa = XCBuildConfiguration;
			buildSettings = {
				ALWAYS_EMBED_SWIFT_STANDARD_LIBRARIES = YES;
				CODE_SIGN_STYLE = Automatic;
				DEVELOPMENT_TEAM = 6594992298;
				INFOPLIST_FILE = gameProjectUITests/Info.plist;
				LD_RUNPATH_SEARCH_PATHS = (
					"$(inherited)",
					"@executable_path/Frameworks",
					"@loader_path/Frameworks",
				);
				PRODUCT_BUNDLE_IDENTIFIER = example.com.gameProjectUITests;
				PRODUCT_NAME = "$(TARGET_NAME)";
				SWIFT_VERSION = 5.0;
				TARGETED_DEVICE_FAMILY = "1,2";
				TEST_TARGET_NAME = gameProject;
			};
			name = Debug;
		};
		CF5DEE7123CE5A5F002FF84F /* Release */ = {
			isa = XCBuildConfiguration;
			buildSettings = {
				ALWAYS_EMBED_SWIFT_STANDARD_LIBRARIES = YES;
				CODE_SIGN_STYLE = Automatic;
				DEVELOPMENT_TEAM = 6594992298;
				INFOPLIST_FILE = gameProjectUITests/Info.plist;
				LD_RUNPATH_SEARCH_PATHS = (
					"$(inherited)",
					"@executable_path/Frameworks",
					"@loader_path/Frameworks",
				);
				PRODUCT_BUNDLE_IDENTIFIER = example.com.gameProjectUITests;
				PRODUCT_NAME = "$(TARGET_NAME)";
				SWIFT_VERSION = 5.0;
				TARGETED_DEVICE_FAMILY = "1,2";
				TEST_TARGET_NAME = gameProject;
			};
			name = Release;
		};
/* End XCBuildConfiguration section */

/* Begin XCConfigurationList section */
		CF5DEE3A23CE5A5A002FF84F /* Build configuration list for PBXProject "gameProject" */ = {
			isa = XCConfigurationList;
			buildConfigurations = (
				CF5DEE6723CE5A5F002FF84F /* Debug */,
				CF5DEE6823CE5A5F002FF84F /* Release */,
			);
			defaultConfigurationIsVisible = 0;
			defaultConfigurationName = Release;
		};
		CF5DEE6923CE5A5F002FF84F /* Build configuration list for PBXNativeTarget "gameProject" */ = {
			isa = XCConfigurationList;
			buildConfigurations = (
				CF5DEE6A23CE5A5F002FF84F /* Debug */,
				CF5DEE6B23CE5A5F002FF84F /* Release */,
			);
			defaultConfigurationIsVisible = 0;
			defaultConfigurationName = Release;
		};
		CF5DEE6C23CE5A5F002FF84F /* Build configuration list for PBXNativeTarget "gameProjectTests" */ = {
			isa = XCConfigurationList;
			buildConfigurations = (
				CF5DEE6D23CE5A5F002FF84F /* Debug */,
				CF5DEE6E23CE5A5F002FF84F /* Release */,
			);
			defaultConfigurationIsVisible = 0;
			defaultConfigurationName = Release;
		};
		CF5DEE6F23CE5A5F002FF84F /* Build configuration list for PBXNativeTarget "gameProjectUITests" */ = {
			isa = XCConfigurationList;
			buildConfigurations = (
				CF5DEE7023CE5A5F002FF84F /* Debug */,
				CF5DEE7123CE5A5F002FF84F /* Release */,
			);
			defaultConfigurationIsVisible = 0;
			defaultConfigurationName = Release;
		};
/* End XCConfigurationList section */
	};
	rootObject = CF5DEE3723CE5A5A002FF84F /* Project object */;
}
